
Microsoft Visual Studio Solution File, Format Version 12.00
# Visual Studio 15
VisualStudioVersion = 15.0.27428.2027
MinimumVisualStudioVersion = 10.0.40219.1
Project("{FAE04EC0-301F-11D3-BF4B-00C04F79EFBC}") = "IdGenerator", "IdGenerator\IdGenerator.csproj", "{CCBD091F-91C1-40E4-A158-701B163C7423}"
EndProject
Project("{FAE04EC0-301F-11D3-BF4B-00C04F79EFBC}") = "IdGenerator.Nuget", "IdGenerator.Nuget\IdGenerator.Nuget.csproj", "{AEA3D3AD-56C4-4811-806B-DE563E248138}"
EndProject
Project("{2150E333-8FDC-42A3-9474-1A3956D46DE8}") = ".NuGetPack", ".NuGetPack", "{811F8108-41AB-4C73-8B2A-B91F08FA1F12}"
	ProjectSection(SolutionItems) = preProject
		.NuGetPack\NuGet.exe = .NuGetPack\NuGet.exe
		.NuGetPack\NuGetPack.exe = .NuGetPack\NuGetPack.exe
	EndProjectSection
EndProject
Global
	GlobalSection(SolutionConfigurationPlatforms) = preSolution
		Debug|Any CPU = Debug|Any CPU
		Release|Any CPU = Release|Any CPU
	EndGlobalSection
	GlobalSection(ProjectConfigurationPlatforms) = postSolution
		{CCBD091F-91C1-40E4-A158-701B163C7423}.Debug|Any CPU.ActiveCfg = Debug|Any CPU
		{CCBD091F-91C1-40E4-A158-701B163C7423}.Debug|Any CPU.Build.0 = Debug|Any CPU
		{CCBD091F-91C1-40E4-A158-701B163C7423}.Release|Any CPU.ActiveCfg = Release|Any CPU
		{CCBD091F-91C1-40E4-A158-701B163C7423}.Release|Any CPU.Build.0 = Release|Any CPU
		{AEA3D3AD-56C4-4811-806B-DE563E248138}.Debug|Any CPU.ActiveCfg = Debug|Any CPU
		{AEA3D3AD-56C4-4811-806B-DE563E248138}.Debug|Any CPU.Build.0 = Debug|Any CPU
		{AEA3D3AD-56C4-4811-806B-DE563E248138}.Release|Any CPU.ActiveCfg = Release|Any CPU
		{AEA3D3AD-56C4-4811-806B-DE563E248138}.Release|Any CPU.Build.0 = Release|Any CPU
	EndGlobalSection
	GlobalSection(SolutionProperties) = preSolution
		HideSolutionNode = FALSE
	EndGlobalSection
	GlobalSection(ExtensibilityGlobals) = postSolution
		SolutionGuid = {4D71A351-5828-44BC-8B1E-BAA081E7888D}
	EndGlobalSection
EndGlobal
